uuid: 1dd52658-9db1-4bc3-a05a-6110d382bade
langcode: en
status: false
dependencies:
  content:
    - 'block_content:basic:970919fa-b9d4-4774-a634-c92dc0cb20b9'
  module:
    - block_content
    - block_visibility_groups
    - gaviasthemer
  theme:
    - astrazeneca
third_party_settings:
  gaviasthemer:
    classes: ''
id: clinicaltopblock
theme: astrazeneca
region: content
weight: -19
provider: null
plugin: 'block_content:970919fa-b9d4-4774-a634-c92dc0cb20b9'
settings:
  id: 'block_content:970919fa-b9d4-4774-a634-c92dc0cb20b9'
  label: 'Clinical top block'
  provider: block_content
  label_display: visible
  status: true
  info: ''
  view_mode: full
visibility:
  condition_group:
    id: condition_group
    negate: false
    block_visibility_group: ''
