uuid: 36541870-b8d7-4c35-bc1f-ce9ab1d0e797
langcode: en
status: true
dependencies:
  content:
    - 'block_content:basic:250c78c1-5e57-44f5-aa86-6a4bc41299f8'
  module:
    - block_content
    - block_visibility_groups
    - gaviasthemer
    - system
  theme:
    - astrazeneca
third_party_settings:
  gaviasthemer:
    classes: ''
id: clinicalmiddleblock
theme: astrazeneca
region: content
weight: -7
provider: null
plugin: 'block_content:250c78c1-5e57-44f5-aa86-6a4bc41299f8'
settings:
  id: 'block_content:250c78c1-5e57-44f5-aa86-6a4bc41299f8'
  label: 'Clinical middle block'
  provider: block_content
  label_display: '0'
  status: true
  info: ''
  view_mode: full
visibility:
  condition_group:
    id: condition_group
    negate: false
    block_visibility_group: ''
  request_path:
    id: request_path
    pages: "/clinical-trial-portal\r\n/Clinical/search-result"
    negate: false
